{
  "pins" : [
    {
      "identity" : "alderis",
      "kind" : "remoteSourceControl",
      "location" : "https://github.com/elihwyma/Alderis",
      "state" : {
        "branch" : "master",
        "revision" : "1537ccab5671084cb7e1b661c1e41dbdd4976bbb"
      }
    },
    {
      "identity" : "cosmos",
      "kind" : "remoteSourceControl",
      "location" : "https://github.com/evgenyneu/Cosmos.git",
      "state" : {
        "revision" : "cce521e734d0090494bd4afab5fd2e2f2465c1af",
        "version" : "23.0.0"
      }
    },
    {
      "identity" : "evander",
      "kind" : "remoteSourceControl",
      "location" : "https://github.com/elihwyma/Evander",
      "state" : {
        "branch" : "main",
        "revision" : "45d428917e8a72a0cad4d98fa46c8ab3b5fa3d83"
      }
    },
    {
      "identity" : "lnpopupcontroller",
      "kind" : "remoteSourceControl",
      "location" : "https://github.com/elihwyma/LNPopupController",
      "state" : {
        "branch" : "main",
        "revision" : "7236d7677a4649d6cbfc0612c2c3cd44a95787b4"
      }
    },
    {
      "identity" : "lnztreeview",
      "kind" : "remoteSourceControl",
      "location" : "https://github.com/elihwyma/LNZTreeView",
      "state" : {
        "branch" : "master",
        "revision" : "bb7f9b77989e1c07460319e7bd4d1fcbf7cb26ae"
      }
    },
    {
      "identity" : "sqlite.swift",
      "kind" : "remoteSourceControl",
      "location" : "https://github.com/stephencelis/SQLite.swift.git",
      "state" : {
        "revision" : "9af51e2edf491c0ea632e369a6566e09b65aa333",
        "version" : "0.13.0"
      }
    },
    {
      "identity" : "swipecellkit",
      "kind" : "remoteSourceControl",
      "location" : "https://github.com/SwipeCellKit/SwipeCellKit.git",
      "state" : {
        "revision" : "7219cad3098637176ace311510d11467dbfb9bb0",
        "version" : "2.7.1"
      }
    }
  ],
  "version" : 2
}
